
Microsoft Visual Studio Solution File, Format Version 12.00
# Visual Studio Version 16
VisualStudioVersion = 16.0.30517.126
MinimumVisualStudioVersion = 10.0.40219.1
Project("{FAE04EC0-301F-11D3-BF4B-00C04F79EFBC}") = "WindowsFormsApp6", "WindowsFormsApp6\WindowsFormsApp6.csproj", "{606280F7-6029-4159-AAD2-78E74C91C5EE}"
EndProject
Global
	GlobalSection(SolutionConfigurationPlatforms) = preSolution
		Debug|Any CPU = Debug|Any CPU
		Release|Any CPU = Release|Any CPU
	EndGlobalSection
	GlobalSection(ProjectConfigurationPlatforms) = postSolution
		{606280F7-6029-4159-AAD2-78E74C91C5EE}.Debug|Any CPU.ActiveCfg = Debug|Any CPU
		{606280F7-6029-4159-AAD2-78E74C91C5EE}.Debug|Any CPU.Build.0 = Debug|Any CPU
		{606280F7-6029-4159-AAD2-78E74C91C5EE}.Release|Any CPU.ActiveCfg = Release|Any CPU
		{606280F7-6029-4159-AAD2-78E74C91C5EE}.Release|Any CPU.Build.0 = Release|Any CPU
	EndGlobalSection
	GlobalSection(SolutionProperties) = preSolution
		HideSolutionNode = FALSE
	EndGlobalSection
	GlobalSection(ExtensibilityGlobals) = postSolution
		SolutionGuid = {20C84061-F355-4612-B6C2-115E53B90E1B}
	EndGlobalSection
EndGlobal
